
Microsoft Visual Studio Solution File, Format Version 12.00
# Visual Studio Version 17
VisualStudioVersion = 17.3.32929.385
MinimumVisualStudioVersion = 10.0.40219.1
Project("{FAE04EC0-301F-11D3-BF4B-00C04F79EFBC}") = "LibreriaEmpleado", "LibreriaEmpleado\LibreriaEmpleado.csproj", "{60C65F93-61EE-49D5-BFD1-E0CE7E96C045}"
EndProject
Project("{FAE04EC0-301F-11D3-BF4B-00C04F79EFBC}") = "PresentacionWindows", "PresentacionWindows\PresentacionWindows.csproj", "{452CB962-1244-44E7-B4A7-237B7F0B647E}"
EndProject
Project("{FAE04EC0-301F-11D3-BF4B-00C04F79EFBC}") = "WindowsEmpleados", "WindowsEmpleados\WindowsEmpleados.csproj", "{68D81876-55C9-44D4-91F4-5A2B2B0C3C22}"
EndProject
Global
	GlobalSection(SolutionConfigurationPlatforms) = preSolution
		Debug|Any CPU = Debug|Any CPU
		Release|Any CPU = Release|Any CPU
	EndGlobalSection
	GlobalSection(ProjectConfigurationPlatforms) = postSolution
		{60C65F93-61EE-49D5-BFD1-E0CE7E96C045}.Debug|Any CPU.ActiveCfg = Debug|Any CPU
		{60C65F93-61EE-49D5-BFD1-E0CE7E96C045}.Debug|Any CPU.Build.0 = Debug|Any CPU
		{60C65F93-61EE-49D5-BFD1-E0CE7E96C045}.Release|Any CPU.ActiveCfg = Release|Any CPU
		{60C65F93-61EE-49D5-BFD1-E0CE7E96C045}.Release|Any CPU.Build.0 = Release|Any CPU
		{452CB962-1244-44E7-B4A7-237B7F0B647E}.Debug|Any CPU.ActiveCfg = Debug|Any CPU
		{452CB962-1244-44E7-B4A7-237B7F0B647E}.Debug|Any CPU.Build.0 = Debug|Any CPU
		{452CB962-1244-44E7-B4A7-237B7F0B647E}.Release|Any CPU.ActiveCfg = Release|Any CPU
		{452CB962-1244-44E7-B4A7-237B7F0B647E}.Release|Any CPU.Build.0 = Release|Any CPU
		{68D81876-55C9-44D4-91F4-5A2B2B0C3C22}.Debug|Any CPU.ActiveCfg = Debug|Any CPU
		{68D81876-55C9-44D4-91F4-5A2B2B0C3C22}.Debug|Any CPU.Build.0 = Debug|Any CPU
		{68D81876-55C9-44D4-91F4-5A2B2B0C3C22}.Release|Any CPU.ActiveCfg = Release|Any CPU
		{68D81876-55C9-44D4-91F4-5A2B2B0C3C22}.Release|Any CPU.Build.0 = Release|Any CPU
	EndGlobalSection
	GlobalSection(SolutionProperties) = preSolution
		HideSolutionNode = FALSE
	EndGlobalSection
	GlobalSection(ExtensibilityGlobals) = postSolution
		SolutionGuid = {61F93F87-B1F2-4D86-B089-83F7BCB6CE49}
	EndGlobalSection
EndGlobal
